
Microsoft Visual Studio Solution File, Format Version 12.00
# Visual Studio Version 16
VisualStudioVersion = 16.0.33927.289
MinimumVisualStudioVersion = 10.0.40219.1
Project("{2150E333-8FDC-42A3-9474-1A3956D46DE8}") = "Task0", "Task0", "{FED7E6FA-287B-4B0F-8738-1469E2F8D59C}"
EndProject
Project("{FAE04EC0-301F-11D3-BF4B-00C04F79EFBC}") = "Tyuiu.DanilovAS.Sprint5.Task0.V6", "Tyuiu.DanilovAS.Sprint5.Task0.V6\Tyuiu.DanilovAS.Sprint5.Task0.V6.csproj", "{3B45BF21-1752-494A-BD17-26A85C8F67CA}"
EndProject
Project("{FAE04EC0-301F-11D3-BF4B-00C04F79EFBC}") = "Tyuiu.DanilovAS.Sprint5.Task0.V6.Lib", "Tyuiu.DanilovAS.Sprint5.Task0.V6.Lib\Tyuiu.DanilovAS.Sprint5.Task0.V6.Lib.csproj", "{B9BD6250-04B5-4E81-A436-3D3104F4A805}"
EndProject
Project("{FAE04EC0-301F-11D3-BF4B-00C04F79EFBC}") = "Tyuiu.DanilovAS.Sprint5.Task0.V6.Test", "Tyuiu.DanilovAS.Sprint5.Task0.V6.Test\Tyuiu.DanilovAS.Sprint5.Task0.V6.Test.csproj", "{F6B89B25-ECA5-409F-B826-FC7CB1146E78}"
EndProject
Project("{2150E333-8FDC-42A3-9474-1A3956D46DE8}") = "Task1", "Task1", "{EC9174BC-F0E9-458A-94C5-764324217249}"
EndProject
Project("{FAE04EC0-301F-11D3-BF4B-00C04F79EFBC}") = "Tyuiu.DanilovAS.Sprint5.Task1.V18", "Tyuiu.DanilovAS.Sprint5.Task1.V18\Tyuiu.DanilovAS.Sprint5.Task1.V18.csproj", "{46F14605-D117-4C74-B3BE-EE98E19191EE}"
EndProject
Project("{FAE04EC0-301F-11D3-BF4B-00C04F79EFBC}") = "Tyuiu.DanilovAS.Sprint5.Task1.V18.Lib", "Tyuiu.DanilovAS.Sprint5.Task1.V18.Lib\Tyuiu.DanilovAS.Sprint5.Task1.V18.Lib.csproj", "{E64FD565-F8C7-4E9B-A34C-0EC3D3FFBA87}"
EndProject
Project("{FAE04EC0-301F-11D3-BF4B-00C04F79EFBC}") = "Tyuiu.DanilovAS.Sprint5.Task1.V18.Test", "Tyuiu.DanilovAS.Sprint5.Task1.V18.Test\Tyuiu.DanilovAS.Sprint5.Task1.V18.Test.csproj", "{4B877F8B-738B-4D22-9935-0C6AD9143A43}"
EndProject
Project("{2150E333-8FDC-42A3-9474-1A3956D46DE8}") = "Task2", "Task2", "{6D1ABBAD-5E73-41C8-892A-0EE14649E915}"
EndProject
Project("{FAE04EC0-301F-11D3-BF4B-00C04F79EFBC}") = "Tyuiu.DanilovAS.Sprint5.Task2.V24", "Tyuiu.DanilovAS.Sprint5.Task2.V24\Tyuiu.DanilovAS.Sprint5.Task2.V24.csproj", "{9090D7DF-0531-44B2-AEC8-D2407F2C6A83}"
EndProject
Project("{FAE04EC0-301F-11D3-BF4B-00C04F79EFBC}") = "Tyuiu.DanilovAS.Sprint5.Task2.V24.Lib", "Tyuiu.DanilovAS.Sprint5.Task2.V24.Lib\Tyuiu.DanilovAS.Sprint5.Task2.V24.Lib.csproj", "{709042CC-0879-4D8F-B5D6-45CB6C7CBFDF}"
EndProject
Project("{FAE04EC0-301F-11D3-BF4B-00C04F79EFBC}") = "Tyuiu.DanilovAS.Sprint5.Task2.V24.Test", "Tyuiu.DanilovAS.Sprint5.Task2.V24.Test\Tyuiu.DanilovAS.Sprint5.Task2.V24.Test.csproj", "{4287A223-86D2-4766-BFBC-02FB46205927}"
EndProject
Project("{2150E333-8FDC-42A3-9474-1A3956D46DE8}") = "Task3", "Task3", "{22EBD671-A744-4C77-97EB-8307E967EA61}"
EndProject
Project("{FAE04EC0-301F-11D3-BF4B-00C04F79EFBC}") = "Tyuiu.DanilovAS.Sprint5.Task3.V13", "Tyuiu.DanilovAS.Sprint5.Task3.V13\Tyuiu.DanilovAS.Sprint5.Task3.V13.csproj", "{913F8F14-8E54-46CA-881C-57A35111D956}"
EndProject
Project("{FAE04EC0-301F-11D3-BF4B-00C04F79EFBC}") = "Tyuiu.DanilovAS.Sprint5.Task3.V13.Lib", "Tyuiu.DanilovAS.Sprint5.Task3.V13.Lib\Tyuiu.DanilovAS.Sprint5.Task3.V13.Lib.csproj", "{9A388E44-F39C-407C-B5D9-75E3F8565254}"
EndProject
Project("{FAE04EC0-301F-11D3-BF4B-00C04F79EFBC}") = "Tyuiu.DanilovAS.Sprint5.Task3.V13.Test", "Tyuiu.DanilovAS.Sprint5.Task3.V13.Test\Tyuiu.DanilovAS.Sprint5.Task3.V13.Test.csproj", "{42EC368C-F17E-4732-AEDA-3B5A0B07D7F8}"
EndProject
Project("{2150E333-8FDC-42A3-9474-1A3956D46DE8}") = "Task4", "Task4", "{CF1B1C7E-1469-4F6F-A33B-8F5256F5D4CB}"
EndProject
Project("{FAE04EC0-301F-11D3-BF4B-00C04F79EFBC}") = "Tyuiu.DanilovAS.Sprint5.Task4.V13", "Tyuiu.DanilovAS.Sprint5.Task4.V13\Tyuiu.DanilovAS.Sprint5.Task4.V13.csproj", "{83B19E15-1B4A-4C99-9905-5B1E0E80F22E}"
EndProject
Project("{FAE04EC0-301F-11D3-BF4B-00C04F79EFBC}") = "Tyuiu.DanilovAS.Sprint5.Task4.V13.Lib", "Tyuiu.DanilovAS.Sprint5.Task4.V13.Lib\Tyuiu.DanilovAS.Sprint5.Task4.V13.Lib.csproj", "{2C986CF2-84D9-4F2A-952C-0C83A1B77B51}"
EndProject
Project("{FAE04EC0-301F-11D3-BF4B-00C04F79EFBC}") = "Tyuiu.DanilovAS.Sprint5.Task4.V13.Test", "Tyuiu.DanilovAS.Sprint5.Task4.V13.Test\Tyuiu.DanilovAS.Sprint5.Task4.V13.Test.csproj", "{A0C2F792-FBC0-4810-B7AF-94FC9C204916}"
EndProject
Project("{2150E333-8FDC-42A3-9474-1A3956D46DE8}") = "Task5", "Task5", "{72E70696-42B9-4DD8-A529-049E14F15D93}"
EndProject
Project("{FAE04EC0-301F-11D3-BF4B-00C04F79EFBC}") = "Tyuiu.DanilovAS.Sprint5.Task5.V21", "Tyuiu.DanilovAS.Sprint5.Task5.V21\Tyuiu.DanilovAS.Sprint5.Task5.V21.csproj", "{16243D07-CD34-4AC4-98E4-DF48A8C74CF3}"
EndProject
Project("{FAE04EC0-301F-11D3-BF4B-00C04F79EFBC}") = "Tyuiu.DanilovAS.Sprint5.Task5.V21.Lib", "Tyuiu.DanilovAS.Sprint5.Task5.V21.Lib\Tyuiu.DanilovAS.Sprint5.Task5.V21.Lib.csproj", "{022D8C7F-6170-4F2B-B7AA-14422FA3F8FF}"
EndProject
Project("{FAE04EC0-301F-11D3-BF4B-00C04F79EFBC}") = "Tyuiu.DanilovAS.Sprint5.Task5.V21.Test", "Tyuiu.DanilovAS.Sprint5.Task5.V21.Test\Tyuiu.DanilovAS.Sprint5.Task5.V21.Test.csproj", "{62DF17F0-3E34-4D02-A7CF-4D5F0440A730}"
EndProject
Global
	GlobalSection(SolutionConfigurationPlatforms) = preSolution
		Debug|Any CPU = Debug|Any CPU
		Release|Any CPU = Release|Any CPU
	EndGlobalSection
	GlobalSection(ProjectConfigurationPlatforms) = postSolution
		{3B45BF21-1752-494A-BD17-26A85C8F67CA}.Debug|Any CPU.ActiveCfg = Debug|Any CPU
		{3B45BF21-1752-494A-BD17-26A85C8F67CA}.Debug|Any CPU.Build.0 = Debug|Any CPU
		{3B45BF21-1752-494A-BD17-26A85C8F67CA}.Release|Any CPU.ActiveCfg = Release|Any CPU
		{3B45BF21-1752-494A-BD17-26A85C8F67CA}.Release|Any CPU.Build.0 = Release|Any CPU
		{B9BD6250-04B5-4E81-A436-3D3104F4A805}.Debug|Any CPU.ActiveCfg = Debug|Any CPU
		{B9BD6250-04B5-4E81-A436-3D3104F4A805}.Debug|Any CPU.Build.0 = Debug|Any CPU
		{B9BD6250-04B5-4E81-A436-3D3104F4A805}.Release|Any CPU.ActiveCfg = Release|Any CPU
		{B9BD6250-04B5-4E81-A436-3D3104F4A805}.Release|Any CPU.Build.0 = Release|Any CPU
		{F6B89B25-ECA5-409F-B826-FC7CB1146E78}.Debug|Any CPU.ActiveCfg = Debug|Any CPU
		{F6B89B25-ECA5-409F-B826-FC7CB1146E78}.Debug|Any CPU.Build.0 = Debug|Any CPU
		{F6B89B25-ECA5-409F-B826-FC7CB1146E78}.Release|Any CPU.ActiveCfg = Release|Any CPU
		{F6B89B25-ECA5-409F-B826-FC7CB1146E78}.Release|Any CPU.Build.0 = Release|Any CPU
		{46F14605-D117-4C74-B3BE-EE98E19191EE}.Debug|Any CPU.ActiveCfg = Debug|Any CPU
		{46F14605-D117-4C74-B3BE-EE98E19191EE}.Debug|Any CPU.Build.0 = Debug|Any CPU
		{46F14605-D117-4C74-B3BE-EE98E19191EE}.Release|Any CPU.ActiveCfg = Release|Any CPU
		{46F14605-D117-4C74-B3BE-EE98E19191EE}.Release|Any CPU.Build.0 = Release|Any CPU
		{E64FD565-F8C7-4E9B-A34C-0EC3D3FFBA87}.Debug|Any CPU.ActiveCfg = Debug|Any CPU
		{E64FD565-F8C7-4E9B-A34C-0EC3D3FFBA87}.Debug|Any CPU.Build.0 = Debug|Any CPU
		{E64FD565-F8C7-4E9B-A34C-0EC3D3FFBA87}.Release|Any CPU.ActiveCfg = Release|Any CPU
		{E64FD565-F8C7-4E9B-A34C-0EC3D3FFBA87}.Release|Any CPU.Build.0 = Release|Any CPU
		{4B877F8B-738B-4D22-9935-0C6AD9143A43}.Debug|Any CPU.ActiveCfg = Debug|Any CPU
		{4B877F8B-738B-4D22-9935-0C6AD9143A43}.Debug|Any CPU.Build.0 = Debug|Any CPU
		{4B877F8B-738B-4D22-9935-0C6AD9143A43}.Release|Any CPU.ActiveCfg = Release|Any CPU
		{4B877F8B-738B-4D22-9935-0C6AD9143A43}.Release|Any CPU.Build.0 = Release|Any CPU
		{9090D7DF-0531-44B2-AEC8-D2407F2C6A83}.Debug|Any CPU.ActiveCfg = Debug|Any CPU
		{9090D7DF-0531-44B2-AEC8-D2407F2C6A83}.Debug|Any CPU.Build.0 = Debug|Any CPU
		{9090D7DF-0531-44B2-AEC8-D2407F2C6A83}.Release|Any CPU.ActiveCfg = Release|Any CPU
		{9090D7DF-0531-44B2-AEC8-D2407F2C6A83}.Release|Any CPU.Build.0 = Release|Any CPU
		{709042CC-0879-4D8F-B5D6-45CB6C7CBFDF}.Debug|Any CPU.ActiveCfg = Debug|Any CPU
		{709042CC-0879-4D8F-B5D6-45CB6C7CBFDF}.Debug|Any CPU.Build.0 = Debug|Any CPU
		{709042CC-0879-4D8F-B5D6-45CB6C7CBFDF}.Release|Any CPU.ActiveCfg = Release|Any CPU
		{709042CC-0879-4D8F-B5D6-45CB6C7CBFDF}.Release|Any CPU.Build.0 = Release|Any CPU
		{4287A223-86D2-4766-BFBC-02FB46205927}.Debug|Any CPU.ActiveCfg = Debug|Any CPU
		{4287A223-86D2-4766-BFBC-02FB46205927}.Debug|Any CPU.Build.0 = Debug|Any CPU
		{4287A223-86D2-4766-BFBC-02FB46205927}.Release|Any CPU.ActiveCfg = Release|Any CPU
		{4287A223-86D2-4766-BFBC-02FB46205927}.Release|Any CPU.Build.0 = Release|Any CPU
		{913F8F14-8E54-46CA-881C-57A35111D956}.Debug|Any CPU.ActiveCfg = Debug|Any CPU
		{913F8F14-8E54-46CA-881C-57A35111D956}.Debug|Any CPU.Build.0 = Debug|Any CPU
		{913F8F14-8E54-46CA-881C-57A35111D956}.Release|Any CPU.ActiveCfg = Release|Any CPU
		{913F8F14-8E54-46CA-881C-57A35111D956}.Release|Any CPU.Build.0 = Release|Any CPU
		{9A388E44-F39C-407C-B5D9-75E3F8565254}.Debug|Any CPU.ActiveCfg = Debug|Any CPU
		{9A388E44-F39C-407C-B5D9-75E3F8565254}.Debug|Any CPU.Build.0 = Debug|Any CPU
		{9A388E44-F39C-407C-B5D9-75E3F8565254}.Release|Any CPU.ActiveCfg = Release|Any CPU
		{9A388E44-F39C-407C-B5D9-75E3F8565254}.Release|Any CPU.Build.0 = Release|Any CPU
		{42EC368C-F17E-4732-AEDA-3B5A0B07D7F8}.Debug|Any CPU.ActiveCfg = Debug|Any CPU
		{42EC368C-F17E-4732-AEDA-3B5A0B07D7F8}.Debug|Any CPU.Build.0 = Debug|Any CPU
		{42EC368C-F17E-4732-AEDA-3B5A0B07D7F8}.Release|Any CPU.ActiveCfg = Release|Any CPU
		{42EC368C-F17E-4732-AEDA-3B5A0B07D7F8}.Release|Any CPU.Build.0 = Release|Any CPU
		{83B19E15-1B4A-4C99-9905-5B1E0E80F22E}.Debug|Any CPU.ActiveCfg = Debug|Any CPU
		{83B19E15-1B4A-4C99-9905-5B1E0E80F22E}.Debug|Any CPU.Build.0 = Debug|Any CPU
		{83B19E15-1B4A-4C99-9905-5B1E0E80F22E}.Release|Any CPU.ActiveCfg = Release|Any CPU
		{83B19E15-1B4A-4C99-9905-5B1E0E80F22E}.Release|Any CPU.Build.0 = Release|Any CPU
		{2C986CF2-84D9-4F2A-952C-0C83A1B77B51}.Debug|Any CPU.ActiveCfg = Debug|Any CPU
		{2C986CF2-84D9-4F2A-952C-0C83A1B77B51}.Debug|Any CPU.Build.0 = Debug|Any CPU
		{2C986CF2-84D9-4F2A-952C-0C83A1B77B51}.Release|Any CPU.ActiveCfg = Release|Any CPU
		{2C986CF2-84D9-4F2A-952C-0C83A1B77B51}.Release|Any CPU.Build.0 = Release|Any CPU
		{A0C2F792-FBC0-4810-B7AF-94FC9C204916}.Debug|Any CPU.ActiveCfg = Debug|Any CPU
		{A0C2F792-FBC0-4810-B7AF-94FC9C204916}.Debug|Any CPU.Build.0 = Debug|Any CPU
		{A0C2F792-FBC0-4810-B7AF-94FC9C204916}.Release|Any CPU.ActiveCfg = Release|Any CPU
		{A0C2F792-FBC0-4810-B7AF-94FC9C204916}.Release|Any CPU.Build.0 = Release|Any CPU
		{16243D07-CD34-4AC4-98E4-DF48A8C74CF3}.Debug|Any CPU.ActiveCfg = Debug|Any CPU
		{16243D07-CD34-4AC4-98E4-DF48A8C74CF3}.Debug|Any CPU.Build.0 = Debug|Any CPU
		{16243D07-CD34-4AC4-98E4-DF48A8C74CF3}.Release|Any CPU.ActiveCfg = Release|Any CPU
		{16243D07-CD34-4AC4-98E4-DF48A8C74CF3}.Release|Any CPU.Build.0 = Release|Any CPU
		{022D8C7F-6170-4F2B-B7AA-14422FA3F8FF}.Debug|Any CPU.ActiveCfg = Debug|Any CPU
		{022D8C7F-6170-4F2B-B7AA-14422FA3F8FF}.Debug|Any CPU.Build.0 = Debug|Any CPU
		{022D8C7F-6170-4F2B-B7AA-14422FA3F8FF}.Release|Any CPU.ActiveCfg = Release|Any CPU
		{022D8C7F-6170-4F2B-B7AA-14422FA3F8FF}.Release|Any CPU.Build.0 = Release|Any CPU
		{62DF17F0-3E34-4D02-A7CF-4D5F0440A730}.Debug|Any CPU.ActiveCfg = Debug|Any CPU
		{62DF17F0-3E34-4D02-A7CF-4D5F0440A730}.Debug|Any CPU.Build.0 = Debug|Any CPU
		{62DF17F0-3E34-4D02-A7CF-4D5F0440A730}.Release|Any CPU.ActiveCfg = Release|Any CPU
		{62DF17F0-3E34-4D02-A7CF-4D5F0440A730}.Release|Any CPU.Build.0 = Release|Any CPU
	EndGlobalSection
	GlobalSection(SolutionProperties) = preSolution
		HideSolutionNode = FALSE
	EndGlobalSection
	GlobalSection(NestedProjects) = preSolution
		{3B45BF21-1752-494A-BD17-26A85C8F67CA} = {FED7E6FA-287B-4B0F-8738-1469E2F8D59C}
		{B9BD6250-04B5-4E81-A436-3D3104F4A805} = {FED7E6FA-287B-4B0F-8738-1469E2F8D59C}
		{F6B89B25-ECA5-409F-B826-FC7CB1146E78} = {FED7E6FA-287B-4B0F-8738-1469E2F8D59C}
		{46F14605-D117-4C74-B3BE-EE98E19191EE} = {EC9174BC-F0E9-458A-94C5-764324217249}
		{E64FD565-F8C7-4E9B-A34C-0EC3D3FFBA87} = {EC9174BC-F0E9-458A-94C5-764324217249}
		{4B877F8B-738B-4D22-9935-0C6AD9143A43} = {EC9174BC-F0E9-458A-94C5-764324217249}
		{9090D7DF-0531-44B2-AEC8-D2407F2C6A83} = {6D1ABBAD-5E73-41C8-892A-0EE14649E915}
		{709042CC-0879-4D8F-B5D6-45CB6C7CBFDF} = {6D1ABBAD-5E73-41C8-892A-0EE14649E915}
		{4287A223-86D2-4766-BFBC-02FB46205927} = {6D1ABBAD-5E73-41C8-892A-0EE14649E915}
		{913F8F14-8E54-46CA-881C-57A35111D956} = {22EBD671-A744-4C77-97EB-8307E967EA61}
		{9A388E44-F39C-407C-B5D9-75E3F8565254} = {22EBD671-A744-4C77-97EB-8307E967EA61}
		{42EC368C-F17E-4732-AEDA-3B5A0B07D7F8} = {22EBD671-A744-4C77-97EB-8307E967EA61}
		{83B19E15-1B4A-4C99-9905-5B1E0E80F22E} = {CF1B1C7E-1469-4F6F-A33B-8F5256F5D4CB}
		{2C986CF2-84D9-4F2A-952C-0C83A1B77B51} = {CF1B1C7E-1469-4F6F-A33B-8F5256F5D4CB}
		{A0C2F792-FBC0-4810-B7AF-94FC9C204916} = {CF1B1C7E-1469-4F6F-A33B-8F5256F5D4CB}
		{16243D07-CD34-4AC4-98E4-DF48A8C74CF3} = {72E70696-42B9-4DD8-A529-049E14F15D93}
		{022D8C7F-6170-4F2B-B7AA-14422FA3F8FF} = {72E70696-42B9-4DD8-A529-049E14F15D93}
		{62DF17F0-3E34-4D02-A7CF-4D5F0440A730} = {72E70696-42B9-4DD8-A529-049E14F15D93}
	EndGlobalSection
	GlobalSection(ExtensibilityGlobals) = postSolution
		SolutionGuid = {5378B3D9-68BE-4A59-9B21-4AF63E2C5AD7}
	EndGlobalSection
EndGlobal
