
Microsoft Visual Studio Solution File, Format Version 12.00
# Visual Studio Version 16
VisualStudioVersion = 16.0.33927.289
MinimumVisualStudioVersion = 10.0.40219.1
Project("{2150E333-8FDC-42A3-9474-1A3956D46DE8}") = "Task0", "Task0", "{FED7E6FA-287B-4B0F-8738-1469E2F8D59C}"
EndProject
Project("{FAE04EC0-301F-11D3-BF4B-00C04F79EFBC}") = "Tyuiu.DanilovAS.Sprint5.Task0.V6", "Tyuiu.DanilovAS.Sprint5.Task0.V6\Tyuiu.DanilovAS.Sprint5.Task0.V6.csproj", "{3B45BF21-1752-494A-BD17-26A85C8F67CA}"
EndProject
Project("{FAE04EC0-301F-11D3-BF4B-00C04F79EFBC}") = "Tyuiu.DanilovAS.Sprint5.Task0.V6.Lib", "Tyuiu.DanilovAS.Sprint5.Task0.V6.Lib\Tyuiu.DanilovAS.Sprint5.Task0.V6.Lib.csproj", "{B9BD6250-04B5-4E81-A436-3D3104F4A805}"
EndProject
Project("{FAE04EC0-301F-11D3-BF4B-00C04F79EFBC}") = "Tyuiu.DanilovAS.Sprint5.Task0.V6.Test", "Tyuiu.DanilovAS.Sprint5.Task0.V6.Test\Tyuiu.DanilovAS.Sprint5.Task0.V6.Test.csproj", "{F6B89B25-ECA5-409F-B826-FC7CB1146E78}"
EndProject
Global
	GlobalSection(SolutionConfigurationPlatforms) = preSolution
		Debug|Any CPU = Debug|Any CPU
		Release|Any CPU = Release|Any CPU
	EndGlobalSection
	GlobalSection(ProjectConfigurationPlatforms) = postSolution
		{3B45BF21-1752-494A-BD17-26A85C8F67CA}.Debug|Any CPU.ActiveCfg = Debug|Any CPU
		{3B45BF21-1752-494A-BD17-26A85C8F67CA}.Debug|Any CPU.Build.0 = Debug|Any CPU
		{3B45BF21-1752-494A-BD17-26A85C8F67CA}.Release|Any CPU.ActiveCfg = Release|Any CPU
		{3B45BF21-1752-494A-BD17-26A85C8F67CA}.Release|Any CPU.Build.0 = Release|Any CPU
		{B9BD6250-04B5-4E81-A436-3D3104F4A805}.Debug|Any CPU.ActiveCfg = Debug|Any CPU
		{B9BD6250-04B5-4E81-A436-3D3104F4A805}.Debug|Any CPU.Build.0 = Debug|Any CPU
		{B9BD6250-04B5-4E81-A436-3D3104F4A805}.Release|Any CPU.ActiveCfg = Release|Any CPU
		{B9BD6250-04B5-4E81-A436-3D3104F4A805}.Release|Any CPU.Build.0 = Release|Any CPU
		{F6B89B25-ECA5-409F-B826-FC7CB1146E78}.Debug|Any CPU.ActiveCfg = Debug|Any CPU
		{F6B89B25-ECA5-409F-B826-FC7CB1146E78}.Debug|Any CPU.Build.0 = Debug|Any CPU
		{F6B89B25-ECA5-409F-B826-FC7CB1146E78}.Release|Any CPU.ActiveCfg = Release|Any CPU
		{F6B89B25-ECA5-409F-B826-FC7CB1146E78}.Release|Any CPU.Build.0 = Release|Any CPU
	EndGlobalSection
	GlobalSection(SolutionProperties) = preSolution
		HideSolutionNode = FALSE
	EndGlobalSection
	GlobalSection(NestedProjects) = preSolution
		{3B45BF21-1752-494A-BD17-26A85C8F67CA} = {FED7E6FA-287B-4B0F-8738-1469E2F8D59C}
		{B9BD6250-04B5-4E81-A436-3D3104F4A805} = {FED7E6FA-287B-4B0F-8738-1469E2F8D59C}
		{F6B89B25-ECA5-409F-B826-FC7CB1146E78} = {FED7E6FA-287B-4B0F-8738-1469E2F8D59C}
	EndGlobalSection
	GlobalSection(ExtensibilityGlobals) = postSolution
		SolutionGuid = {5378B3D9-68BE-4A59-9B21-4AF63E2C5AD7}
	EndGlobalSection
EndGlobal
